github.com/ajgajg1134/test-golang-failure-with-long-path-windows v0.0.0-20210521144334-f87fe212f613 h1:NWzP96GxDbauog8MZay0eAL+SX102XStnQ47QHc3KNo=
github.com/ajgajg1134/test-golang-failure-with-long-path-windows v0.0.0-20210521144334-f87fe212f613/go.mod h1:Mdf+gyzsAmorjH6f7MypXGvwb3s8E5jlV17n3diy8L8=
